
Microsoft Visual Studio Solution File, Format Version 10.00
# Visual Studio 2008
Project("{FAE04EC0-301F-11D3-BF4B-00C04F79EFBC}") = "Example_Keyboards", "Example_Keyboards\Example_Keyboards.csproj", "{D0900EB3-9CF1-434A-AB1F-AB16E5AE17F4}"
EndProject
Global
	GlobalSection(SolutionConfigurationPlatforms) = preSolution
		Debug|iPhoneSimulator = Debug|iPhoneSimulator
		Release|iPhoneSimulator = Release|iPhoneSimulator
		Debug|iPhone = Debug|iPhone
		Release|iPhone = Release|iPhone
	EndGlobalSection
	GlobalSection(ProjectConfigurationPlatforms) = postSolution
		{D0900EB3-9CF1-434A-AB1F-AB16E5AE17F4}.Debug|iPhone.ActiveCfg = Debug|iPhone
		{D0900EB3-9CF1-434A-AB1F-AB16E5AE17F4}.Debug|iPhone.Build.0 = Debug|iPhone
		{D0900EB3-9CF1-434A-AB1F-AB16E5AE17F4}.Debug|iPhoneSimulator.ActiveCfg = Debug|iPhoneSimulator
		{D0900EB3-9CF1-434A-AB1F-AB16E5AE17F4}.Debug|iPhoneSimulator.Build.0 = Debug|iPhoneSimulator
		{D0900EB3-9CF1-434A-AB1F-AB16E5AE17F4}.Release|iPhone.ActiveCfg = Release|iPhone
		{D0900EB3-9CF1-434A-AB1F-AB16E5AE17F4}.Release|iPhone.Build.0 = Release|iPhone
		{D0900EB3-9CF1-434A-AB1F-AB16E5AE17F4}.Release|iPhoneSimulator.ActiveCfg = Release|iPhoneSimulator
		{D0900EB3-9CF1-434A-AB1F-AB16E5AE17F4}.Release|iPhoneSimulator.Build.0 = Release|iPhoneSimulator
	EndGlobalSection
	GlobalSection(MonoDevelopProperties) = preSolution
		StartupItem = Example_Keyboards\Example_Keyboards.csproj
	EndGlobalSection
EndGlobal
